
Microsoft Visual Studio Solution File, Format Version 12.00
# Visual Studio Version 17
VisualStudioVersion = 17.14.36623.8 d17.14
MinimumVisualStudioVersion = 10.0.40219.1
Project("{FAE04EC0-301F-11D3-BF4B-00C04F79EFBC}") = "ProFinancialTrackingv.1.0", "ProFinancialTrackingv.1.0.csproj", "{E844BBE8-1980-449E-AD8B-F7BC772CD979}"
EndProject
Project("{2150E333-8FDC-42A3-9474-1A3956D46DE8}") = "Models", "Models", "{02EA681E-C7D8-13C7-8484-4AC65E1B71E8}"
EndProject
Project("{2150E333-8FDC-42A3-9474-1A3956D46DE8}") = "Services", "Services", "{9DE1EA89-3F66-4DF0-9A2A-FE936B9A0425}"
EndProject
Project("{2150E333-8FDC-42A3-9474-1A3956D46DE8}") = "Data", "Data", "{ED1A029A-BCFB-4238-9B7D-90A3C549B0BD}"
EndProject
Project("{2150E333-8FDC-42A3-9474-1A3956D46DE8}") = "UI", "UI", "{11D1761B-3D25-434B-9D3E-6C1424D1179E}"
EndProject
Global
	GlobalSection(SolutionConfigurationPlatforms) = preSolution
		Debug|Any CPU = Debug|Any CPU
		Release|Any CPU = Release|Any CPU
	EndGlobalSection
	GlobalSection(ProjectConfigurationPlatforms) = postSolution
		{E844BBE8-1980-449E-AD8B-F7BC772CD979}.Debug|Any CPU.ActiveCfg = Debug|Any CPU
		{E844BBE8-1980-449E-AD8B-F7BC772CD979}.Debug|Any CPU.Build.0 = Debug|Any CPU
		{E844BBE8-1980-449E-AD8B-F7BC772CD979}.Release|Any CPU.ActiveCfg = Release|Any CPU
		{E844BBE8-1980-449E-AD8B-F7BC772CD979}.Release|Any CPU.Build.0 = Release|Any CPU
	EndGlobalSection
	GlobalSection(SolutionProperties) = preSolution
		HideSolutionNode = FALSE
	EndGlobalSection
	GlobalSection(ExtensibilityGlobals) = postSolution
		SolutionGuid = {D7FD79A9-37A3-4486-B556-528F68F65FB0}
	EndGlobalSection
EndGlobal
